
Microsoft Visual Studio Solution File, Format Version 12.00
# Visual Studio Version 17
VisualStudioVersion = 17.9.34723.18
MinimumVisualStudioVersion = 10.0.40219.1
Project("{FAE04EC0-301F-11D3-BF4B-00C04F79EFBC}") = "NeirotexApp", "NeirotexApp.csproj", "{D849AE31-F54B-45D2-A703-FA5071731FBD}"
EndProject
Global
	GlobalSection(SolutionConfigurationPlatforms) = preSolution
		Debug|Any CPU = Debug|Any CPU
		Release|Any CPU = Release|Any CPU
	EndGlobalSection
	GlobalSection(ProjectConfigurationPlatforms) = postSolution
		{D849AE31-F54B-45D2-A703-FA5071731FBD}.Debug|Any CPU.ActiveCfg = Debug|Any CPU
		{D849AE31-F54B-45D2-A703-FA5071731FBD}.Debug|Any CPU.Build.0 = Debug|Any CPU
		{D849AE31-F54B-45D2-A703-FA5071731FBD}.Release|Any CPU.ActiveCfg = Release|Any CPU
		{D849AE31-F54B-45D2-A703-FA5071731FBD}.Release|Any CPU.Build.0 = Release|Any CPU
	EndGlobalSection
	GlobalSection(SolutionProperties) = preSolution
		HideSolutionNode = FALSE
	EndGlobalSection
	GlobalSection(ExtensibilityGlobals) = postSolution
		SolutionGuid = {DC6C82F4-23BF-4779-867A-BBC3DB27D41D}
	EndGlobalSection
EndGlobal
